// !$*UTF8*$!
{
	archiveVersion = 1;
	classes = {
	};
	objectVersion = 77;
	objects = {

/* Begin PBXBuildFile section */
		07FE019D7B5E59F3487564A9 /* Assets.xcassets in Resources */ = {isa = PBXBuildFile; fileRef = 414DFB15DBBD1B1BBFCD4EE2 /* Assets.xcassets */; };
		32801F4629C69B6EDFC90CFE /* ImagePickers.swift in Sources */ = {isa = PBXBuildFile; fileRef = A1DD4999B3339F752D6A031B /* ImagePickers.swift */; };
		3CB83174BE19AC2679683882 /* S3ZettelImageView.swift in Sources */ = {isa = PBXBuildFile; fileRef = E97E5D1C3A39C75A05F0575A /* S3ZettelImageView.swift */; };
		40F47E40FF0B3357E4B460EB /* AppointmentConfirmationView.swift in Sources */ = {isa = PBXBuildFile; fileRef = 03D90550725E60A06DE9BB30 /* AppointmentConfirmationView.swift */; };
		4BB5BCB02E5C47E200F3C073 /* AWSCognitoAuthPlugin in Frameworks */ = {isa = PBXBuildFile; productRef = 4BB5BCAF2E5C47E200F3C073 /* AWSCognitoAuthPlugin */; };
		4BB5BCB22E5C47E200F3C073 /* AWSS3StoragePlugin in Frameworks */ = {isa = PBXBuildFile; productRef = 4BB5BCB12E5C47E200F3C073 /* AWSS3StoragePlugin */; };
		4BB5BCB42E5C47E200F3C073 /* Amplify in Frameworks */ = {isa = PBXBuildFile; productRef = 4BB5BCB32E5C47E200F3C073 /* Amplify */; };
		66D117CD066BB7C9E26835A9 /* AddAppointmentView.swift in Sources */ = {isa = PBXBuildFile; fileRef = D9D58B9AB77B026A765DC3C6 /* AddAppointmentView.swift */; };
		78F8D548B252A812FE8CEC40 /* ZettelAnalysisService.swift in Sources */ = {isa = PBXBuildFile; fileRef = DED10117073804AF89C6750B /* ZettelAnalysisService.swift */; };
		7ED5B6DDB5463DC3754AE122 /* AppointmentStore.swift in Sources */ = {isa = PBXBuildFile; fileRef = 12948D913F6B862D6B3F17EF /* AppointmentStore.swift */; };
		89239CE3D7A2A88EED566616 /* Models.swift in Sources */ = {isa = PBXBuildFile; fileRef = 8888A31001F4F1DCBD8A2E9D /* Models.swift */; };
		8AB3B5F541E601FF881F314F /* BackendConfiguration.swift in Sources */ = {isa = PBXBuildFile; fileRef = 6A248A5FC935CCE55317B950 /* BackendConfiguration.swift */; };
		972C95D6E3236E472CEE657A /* CognitoAuthManager.swift in Sources */ = {isa = PBXBuildFile; fileRef = CB504EABB0E7A8FCB5594D05 /* CognitoAuthManager.swift */; };
		AAAA11112222333344445556 /* LinearDesign.swift in Sources */ = {isa = PBXBuildFile; fileRef = AAAA11112222333344445555 /* LinearDesign.swift */; };
		AB12CD34EF56AB78CD90EF13 /* UploadSubscriptions.swift in Sources */ = {isa = PBXBuildFile; fileRef = AB12CD34EF56AB78CD90EF12 /* UploadSubscriptions.swift */; };
		AB12CD34EF56AB78CD90EF23 /* UploadPlansView.swift in Sources */ = {isa = PBXBuildFile; fileRef = AB12CD34EF56AB78CD90EF22 /* UploadPlansView.swift */; };
		B6788BAA22347D5CE6F2E377 /* AmplifyConfiguration.swift in Sources */ = {isa = PBXBuildFile; fileRef = DB55E43E61DE3266C12E2FC8 /* AmplifyConfiguration.swift */; };
		BBC346E086063E40E5CAA7D0 /* ContentView.swift in Sources */ = {isa = PBXBuildFile; fileRef = ACE090497290DF32C9780A21 /* ContentView.swift */; };
		C5729CF95C89805BCE96AA02 /* AppointmentListView.swift in Sources */ = {isa = PBXBuildFile; fileRef = A44E1FA61C849E9EBDDDA4A5 /* AppointmentListView.swift */; };
		C9AC25332B23F52408EF915E /* amplifyconfiguration.json in Resources */ = {isa = PBXBuildFile; fileRef = E071023152E10ABC0A914D26 /* amplifyconfiguration.json */; };
		E8D01C25B44CF883497E8B18 /* CognitoAuthView.swift in Sources */ = {isa = PBXBuildFile; fileRef = B15AEBDEAD84BBC5A88D25AB /* CognitoAuthView.swift */; };
		F41971E5D1C271F06332DCF3 /* ZettelmanApp.swift in Sources */ = {isa = PBXBuildFile; fileRef = 2002D2C2C4DB5B4C9ACDFB89 /* ZettelmanApp.swift */; };
		F6F7C401D9EA1F599C8D2398 /* AppointmentDetailView.swift in Sources */ = {isa = PBXBuildFile; fileRef = 976DCEB1BD6CB3C94677808B /* AppointmentDetailView.swift */; };
		F94926469DDE9D7A01EED9A7 /* ZettelS3Service.swift in Sources */ = {isa = PBXBuildFile; fileRef = 5D1FFD97A76332CA9BC74CFB /* ZettelS3Service.swift */; };
		FABC123456789ABCDEF01235 /* Localizable.xcstrings in Resources */ = {isa = PBXBuildFile; fileRef = FABC123456789ABCDEF01234 /* Localizable.xcstrings */; };
/* End PBXBuildFile section */

/* Begin PBXFileReference section */
		03D90550725E60A06DE9BB30 /* AppointmentConfirmationView.swift */ = {isa = PBXFileReference; includeInIndex = 1; lastKnownFileType = sourcecode.swift; path = AppointmentConfirmationView.swift; sourceTree = "<group>"; };
		12948D913F6B862D6B3F17EF /* AppointmentStore.swift */ = {isa = PBXFileReference; includeInIndex = 1; lastKnownFileType = sourcecode.swift; path = AppointmentStore.swift; sourceTree = "<group>"; };
		2002D2C2C4DB5B4C9ACDFB89 /* ZettelmanApp.swift */ = {isa = PBXFileReference; includeInIndex = 1; lastKnownFileType = sourcecode.swift; path = ZettelmanApp.swift; sourceTree = "<group>"; };
		414DFB15DBBD1B1BBFCD4EE2 /* Assets.xcassets */ = {isa = PBXFileReference; includeInIndex = 1; lastKnownFileType = folder.assetcatalog; path = Assets.xcassets; sourceTree = "<group>"; };
		48DFC8B42E45109B002EB4C0 /* ZettelScan.app */ = {isa = PBXFileReference; explicitFileType = wrapper.application; includeInIndex = 0; path = ZettelScan.app; sourceTree = BUILT_PRODUCTS_DIR; };
		48DFC8C22E45109C002EB4C0 /* app_bookingTests.xctest */ = {isa = PBXFileReference; explicitFileType = wrapper.cfbundle; includeInIndex = 0; path = app_bookingTests.xctest; sourceTree = BUILT_PRODUCTS_DIR; };
		48DFC8CC2E45109C002EB4C0 /* app_bookingUITests.xctest */ = {isa = PBXFileReference; explicitFileType = wrapper.cfbundle; includeInIndex = 0; path = app_bookingUITests.xctest; sourceTree = BUILT_PRODUCTS_DIR; };
		5D1FFD97A76332CA9BC74CFB /* ZettelS3Service.swift */ = {isa = PBXFileReference; includeInIndex = 1; lastKnownFileType = sourcecode.swift; path = ZettelS3Service.swift; sourceTree = "<group>"; };
		6A248A5FC935CCE55317B950 /* BackendConfiguration.swift */ = {isa = PBXFileReference; includeInIndex = 1; lastKnownFileType = sourcecode.swift; path = BackendConfiguration.swift; sourceTree = "<group>"; };
		8888A31001F4F1DCBD8A2E9D /* Models.swift */ = {isa = PBXFileReference; includeInIndex = 1; lastKnownFileType = sourcecode.swift; path = Models.swift; sourceTree = "<group>"; };
		976DCEB1BD6CB3C94677808B /* AppointmentDetailView.swift */ = {isa = PBXFileReference; includeInIndex = 1; lastKnownFileType = sourcecode.swift; path = AppointmentDetailView.swift; sourceTree = "<group>"; };
		A1DD4999B3339F752D6A031B /* ImagePickers.swift */ = {isa = PBXFileReference; includeInIndex = 1; lastKnownFileType = sourcecode.swift; path = ImagePickers.swift; sourceTree = "<group>"; };
		A44E1FA61C849E9EBDDDA4A5 /* AppointmentListView.swift */ = {isa = PBXFileReference; includeInIndex = 1; lastKnownFileType = sourcecode.swift; path = AppointmentListView.swift; sourceTree = "<group>"; };
		AAAA11112222333344445555 /* LinearDesign.swift */ = {isa = PBXFileReference; includeInIndex = 1; lastKnownFileType = sourcecode.swift; path = LinearDesign.swift; sourceTree = "<group>"; };
		AB12CD34EF56AB78CD90EF12 /* UploadSubscriptions.swift */ = {isa = PBXFileReference; includeInIndex = 1; lastKnownFileType = sourcecode.swift; path = UploadSubscriptions.swift; sourceTree = "<group>"; };
		AB12CD34EF56AB78CD90EF22 /* UploadPlansView.swift */ = {isa = PBXFileReference; includeInIndex = 1; lastKnownFileType = sourcecode.swift; path = UploadPlansView.swift; sourceTree = "<group>"; };
		ACE090497290DF32C9780A21 /* ContentView.swift */ = {isa = PBXFileReference; includeInIndex = 1; lastKnownFileType = sourcecode.swift; path = ContentView.swift; sourceTree = "<group>"; };
		B15AEBDEAD84BBC5A88D25AB /* CognitoAuthView.swift */ = {isa = PBXFileReference; includeInIndex = 1; lastKnownFileType = sourcecode.swift; path = CognitoAuthView.swift; sourceTree = "<group>"; };
		CB504EABB0E7A8FCB5594D05 /* CognitoAuthManager.swift */ = {isa = PBXFileReference; includeInIndex = 1; lastKnownFileType = sourcecode.swift; path = CognitoAuthManager.swift; sourceTree = "<group>"; };
		D9D58B9AB77B026A765DC3C6 /* AddAppointmentView.swift */ = {isa = PBXFileReference; includeInIndex = 1; lastKnownFileType = sourcecode.swift; path = AddAppointmentView.swift; sourceTree = "<group>"; };
		DB55E43E61DE3266C12E2FC8 /* AmplifyConfiguration.swift */ = {isa = PBXFileReference; includeInIndex = 1; lastKnownFileType = sourcecode.swift; path = AmplifyConfiguration.swift; sourceTree = "<group>"; };
		DED10117073804AF89C6750B /* ZettelAnalysisService.swift */ = {isa = PBXFileReference; includeInIndex = 1; lastKnownFileType = sourcecode.swift; path = ZettelAnalysisService.swift; sourceTree = "<group>"; };
		E071023152E10ABC0A914D26 /* amplifyconfiguration.json */ = {isa = PBXFileReference; includeInIndex = 1; lastKnownFileType = text.json; path = amplifyconfiguration.json; sourceTree = "<group>"; };
		E97E5D1C3A39C75A05F0575A /* S3ZettelImageView.swift */ = {isa = PBXFileReference; includeInIndex = 1; lastKnownFileType = sourcecode.swift; path = S3ZettelImageView.swift; sourceTree = "<group>"; };
		FABC123456789ABCDEF01234 /* Localizable.xcstrings */ = {isa = PBXFileReference; includeInIndex = 1; lastKnownFileType = text.xcstrings; path = Localizable.xcstrings; sourceTree = "<group>"; };
/* End PBXFileReference section */

/* Begin PBXFileSystemSynchronizedRootGroup section */
		48DFC8B62E45109B002EB4C0 /* app_booking */ = {
			isa = PBXFileSystemSynchronizedRootGroup;
			path = app_booking;
			sourceTree = "<group>";
		};
		48DFC8C52E45109C002EB4C0 /* app_bookingTests */ = {
			isa = PBXFileSystemSynchronizedRootGroup;
			path = app_bookingTests;
			sourceTree = "<group>";
		};
		48DFC8CF2E45109C002EB4C0 /* app_bookingUITests */ = {
			isa = PBXFileSystemSynchronizedRootGroup;
			path = app_bookingUITests;
			sourceTree = "<group>";
		};
/* End PBXFileSystemSynchronizedRootGroup section */

/* Begin PBXFrameworksBuildPhase section */
		48DFC8B12E45109B002EB4C0 /* Frameworks */ = {
			isa = PBXFrameworksBuildPhase;
			buildActionMask = 2147483647;
			files = (
				4BB5BCB42E5C47E200F3C073 /* Amplify in Frameworks */,
				4BB5BCB02E5C47E200F3C073 /* AWSCognitoAuthPlugin in Frameworks */,
				4BB5BCB22E5C47E200F3C073 /* AWSS3StoragePlugin in Frameworks */,
			);
			runOnlyForDeploymentPostprocessing = 0;
		};
/* End PBXFrameworksBuildPhase section */

/* Begin PBXGroup section */
		48DFC8AB2E45109A002EB4C0 = {
			isa = PBXGroup;
			children = (
				48DFC8B62E45109B002EB4C0 /* app_booking */,
				48DFC8C52E45109C002EB4C0 /* app_bookingTests */,
				48DFC8CF2E45109C002EB4C0 /* app_bookingUITests */,
				48DFC8B52E45109B002EB4C0 /* Products */,
				E7B2049071FD9B50B22B1D9E /* Zettelman */,
			);
			sourceTree = "<group>";
		};
		48DFC8B52E45109B002EB4C0 /* Products */ = {
			isa = PBXGroup;
			children = (
				48DFC8B42E45109B002EB4C0 /* ZettelScan.app */,
				48DFC8C22E45109C002EB4C0 /* app_bookingTests.xctest */,
				48DFC8CC2E45109C002EB4C0 /* app_bookingUITests.xctest */,
			);
			name = Products;
			sourceTree = "<group>";
		};
		E7B2049071FD9B50B22B1D9E /* Zettelman */ = {
			isa = PBXGroup;
			children = (
				D9D58B9AB77B026A765DC3C6 /* AddAppointmentView.swift */,
				DB55E43E61DE3266C12E2FC8 /* AmplifyConfiguration.swift */,
				03D90550725E60A06DE9BB30 /* AppointmentConfirmationView.swift */,
				976DCEB1BD6CB3C94677808B /* AppointmentDetailView.swift */,
				A44E1FA61C849E9EBDDDA4A5 /* AppointmentListView.swift */,
				12948D913F6B862D6B3F17EF /* AppointmentStore.swift */,
				6A248A5FC935CCE55317B950 /* BackendConfiguration.swift */,
				CB504EABB0E7A8FCB5594D05 /* CognitoAuthManager.swift */,
				B15AEBDEAD84BBC5A88D25AB /* CognitoAuthView.swift */,
				ACE090497290DF32C9780A21 /* ContentView.swift */,
				A1DD4999B3339F752D6A031B /* ImagePickers.swift */,
				8888A31001F4F1DCBD8A2E9D /* Models.swift */,
				E97E5D1C3A39C75A05F0575A /* S3ZettelImageView.swift */,
				DED10117073804AF89C6750B /* ZettelAnalysisService.swift */,
				AAAA11112222333344445555 /* LinearDesign.swift */,
				AB12CD34EF56AB78CD90EF12 /* UploadSubscriptions.swift */,
				AB12CD34EF56AB78CD90EF22 /* UploadPlansView.swift */,
				5D1FFD97A76332CA9BC74CFB /* ZettelS3Service.swift */,
				2002D2C2C4DB5B4C9ACDFB89 /* ZettelmanApp.swift */,
				414DFB15DBBD1B1BBFCD4EE2 /* Assets.xcassets */,
				E071023152E10ABC0A914D26 /* amplifyconfiguration.json */,
				FABC123456789ABCDEF01234 /* Localizable.xcstrings */,
			);
			path = Zettelman;
			sourceTree = "<group>";
		};
/* End PBXGroup section */

/* Begin PBXNativeTarget section */
		48DFC8B32E45109B002EB4C0 /* app_booking */ = {
			isa = PBXNativeTarget;
			buildConfigurationList = 48DFC8D62E45109C002EB4C0 /* Build configuration list for PBXNativeTarget "app_booking" */;
			buildPhases = (
				48DFC8B02E45109B002EB4C0 /* Sources */,
				48DFC8B12E45109B002EB4C0 /* Frameworks */,
				48DFC8B22E45109B002EB4C0 /* Resources */,
			);
			buildRules = (
			);
			dependencies = (
			);
			fileSystemSynchronizedGroups = (
				48DFC8B62E45109B002EB4C0 /* app_booking */,
			);
			name = app_booking;
			packageProductDependencies = (
				4BB5BCAF2E5C47E200F3C073 /* AWSCognitoAuthPlugin */,
				4BB5BCB12E5C47E200F3C073 /* AWSS3StoragePlugin */,
				4BB5BCB32E5C47E200F3C073 /* Amplify */,
			);
			productName = app_booking;
			productReference = 48DFC8B42E45109B002EB4C0 /* ZettelScan.app */;
			productType = "com.apple.product-type.application";
		};
/* End PBXNativeTarget section */

/* Begin PBXProject section */
		48DFC8AC2E45109A002EB4C0 /* Project object */ = {
			isa = PBXProject;
			attributes = {
				BuildIndependentTargetsInParallel = 1;
				LastSwiftUpdateCheck = 1640;
				LastUpgradeCheck = 2600;
				TargetAttributes = {
					48DFC8B32E45109B002EB4C0 = {
						CreatedOnToolsVersion = 16.4;
					};
				};
			};
			buildConfigurationList = 48DFC8AF2E45109A002EB4C0 /* Build configuration list for PBXProject "Zettelman" */;
			developmentRegion = en;
			hasScannedForEncodings = 0;
			knownRegions = (
				en,
				Base,
				"zh-Hans",
				de,
			);
			mainGroup = 48DFC8AB2E45109A002EB4C0;
			minimizedProjectReferenceProxies = 1;
			packageReferences = (
				4BB5BCAE2E5C47E200F3C073 /* XCRemoteSwiftPackageReference "amplify-swift" */,
			);
			preferredProjectObjectVersion = 77;
			productRefGroup = 48DFC8B52E45109B002EB4C0 /* Products */;
			projectDirPath = "";
			projectRoot = "";
			targets = (
				48DFC8B32E45109B002EB4C0 /* app_booking */,
			);
		};
/* End PBXProject section */

/* Begin PBXResourcesBuildPhase section */
		48DFC8B22E45109B002EB4C0 /* Resources */ = {
			isa = PBXResourcesBuildPhase;
			buildActionMask = 2147483647;
			files = (
				07FE019D7B5E59F3487564A9 /* Assets.xcassets in Resources */,
				C9AC25332B23F52408EF915E /* amplifyconfiguration.json in Resources */,
				FABC123456789ABCDEF01235 /* Localizable.xcstrings in Resources */,
			);
			runOnlyForDeploymentPostprocessing = 0;
		};
/* End PBXResourcesBuildPhase section */

/* Begin PBXSourcesBuildPhase section */
		48DFC8B02E45109B002EB4C0 /* Sources */ = {
			isa = PBXSourcesBuildPhase;
			buildActionMask = 2147483647;
			files = (
				66D117CD066BB7C9E26835A9 /* AddAppointmentView.swift in Sources */,
				B6788BAA22347D5CE6F2E377 /* AmplifyConfiguration.swift in Sources */,
				40F47E40FF0B3357E4B460EB /* AppointmentConfirmationView.swift in Sources */,
				F6F7C401D9EA1F599C8D2398 /* AppointmentDetailView.swift in Sources */,
				C5729CF95C89805BCE96AA02 /* AppointmentListView.swift in Sources */,
				7ED5B6DDB5463DC3754AE122 /* AppointmentStore.swift in Sources */,
				8AB3B5F541E601FF881F314F /* BackendConfiguration.swift in Sources */,
				972C95D6E3236E472CEE657A /* CognitoAuthManager.swift in Sources */,
				E8D01C25B44CF883497E8B18 /* CognitoAuthView.swift in Sources */,
				BBC346E086063E40E5CAA7D0 /* ContentView.swift in Sources */,
				32801F4629C69B6EDFC90CFE /* ImagePickers.swift in Sources */,
				AAAA11112222333344445556 /* LinearDesign.swift in Sources */,
				AB12CD34EF56AB78CD90EF13 /* UploadSubscriptions.swift in Sources */,
				AB12CD34EF56AB78CD90EF23 /* UploadPlansView.swift in Sources */,
				89239CE3D7A2A88EED566616 /* Models.swift in Sources */,
				3CB83174BE19AC2679683882 /* S3ZettelImageView.swift in Sources */,
				78F8D548B252A812FE8CEC40 /* ZettelAnalysisService.swift in Sources */,
				F94926469DDE9D7A01EED9A7 /* ZettelS3Service.swift in Sources */,
				F41971E5D1C271F06332DCF3 /* ZettelmanApp.swift in Sources */,
			);
			runOnlyForDeploymentPostprocessing = 0;
		};
/* End PBXSourcesBuildPhase section */

/* Begin XCBuildConfiguration section */
		48DFC8D42E45109C002EB4C0 /* Debug */ = {
			isa = XCBuildConfiguration;
			buildSettings = {
				ALWAYS_SEARCH_USER_PATHS = NO;
				ASSETCATALOG_COMPILER_GENERATE_SWIFT_ASSET_SYMBOL_EXTENSIONS = YES;
				CLANG_ANALYZER_LOCALIZABILITY_NONLOCALIZED = YES;
				CLANG_ANALYZER_NONNULL = YES;
				CLANG_ANALYZER_NUMBER_OBJECT_CONVERSION = YES_AGGRESSIVE;
				CLANG_CXX_LANGUAGE_STANDARD = "gnu++20";
				CLANG_ENABLE_MODULES = YES;
				CLANG_ENABLE_OBJC_ARC = YES;
				CLANG_ENABLE_OBJC_WEAK = YES;
				CLANG_WARN_BLOCK_CAPTURE_AUTORELEASING = YES;
				CLANG_WARN_BOOL_CONVERSION = YES;
				CLANG_WARN_COMMA = YES;
				CLANG_WARN_CONSTANT_CONVERSION = YES;
				CLANG_WARN_DEPRECATED_OBJC_IMPLEMENTATIONS = YES;
				CLANG_WARN_DIRECT_OBJC_ISA_USAGE = YES_ERROR;
				CLANG_WARN_DOCUMENTATION_COMMENTS = YES;
				CLANG_WARN_EMPTY_BODY = YES;
				CLANG_WARN_ENUM_CONVERSION = YES;
				CLANG_WARN_INFINITE_RECURSION = YES;
				CLANG_WARN_INT_CONVERSION = YES;
				CLANG_WARN_NON_LITERAL_NULL_CONVERSION = YES;
				CLANG_WARN_OBJC_IMPLICIT_RETAIN_SELF = YES;
				CLANG_WARN_OBJC_LITERAL_CONVERSION = YES;
				CLANG_WARN_OBJC_ROOT_CLASS = YES_ERROR;
				CLANG_WARN_QUOTED_INCLUDE_IN_FRAMEWORK_HEADER = YES;
				CLANG_WARN_RANGE_LOOP_ANALYSIS = YES;
				CLANG_WARN_STRICT_PROTOTYPES = YES;
				CLANG_WARN_SUSPICIOUS_MOVE = YES;
				CLANG_WARN_UNGUARDED_AVAILABILITY = YES_AGGRESSIVE;
				CLANG_WARN_UNREACHABLE_CODE = YES;
				CLANG_WARN__DUPLICATE_METHOD_MATCH = YES;
				COPY_PHASE_STRIP = NO;
				DEAD_CODE_STRIPPING = YES;
				DEBUG_INFORMATION_FORMAT = dwarf;
				ENABLE_STRICT_OBJC_MSGSEND = YES;
				ENABLE_TESTABILITY = YES;
				ENABLE_USER_SCRIPT_SANDBOXING = YES;
				GCC_C_LANGUAGE_STANDARD = gnu17;
				GCC_DYNAMIC_NO_PIC = NO;
				GCC_NO_COMMON_BLOCKS = YES;
				GCC_OPTIMIZATION_LEVEL = 0;
				GCC_PREPROCESSOR_DEFINITIONS = (
					"DEBUG=1",
					"$(inherited)",
				);
				GCC_WARN_64_TO_32_BIT_CONVERSION = YES;
				GCC_WARN_ABOUT_RETURN_TYPE = YES_ERROR;
				GCC_WARN_UNDECLARED_SELECTOR = YES;
				GCC_WARN_UNINITIALIZED_AUTOS = YES_AGGRESSIVE;
				GCC_WARN_UNUSED_FUNCTION = YES;
				GCC_WARN_UNUSED_VARIABLE = YES;
				IPHONEOS_DEPLOYMENT_TARGET = 16.0;
				LOCALIZATION_PREFERS_STRING_CATALOGS = YES;
				MTL_ENABLE_DEBUG_INFO = INCLUDE_SOURCE;
				MTL_FAST_MATH = YES;
				ONLY_ACTIVE_ARCH = YES;
				STRING_CATALOG_GENERATE_SYMBOLS = YES;
				SWIFT_ACTIVE_COMPILATION_CONDITIONS = "DEBUG $(inherited)";
				SWIFT_OPTIMIZATION_LEVEL = "-Onone";
			};
			name = Debug;
		};
		48DFC8D52E45109C002EB4C0 /* Release */ = {
			isa = XCBuildConfiguration;
			buildSettings = {
				ALWAYS_SEARCH_USER_PATHS = NO;
				ASSETCATALOG_COMPILER_GENERATE_SWIFT_ASSET_SYMBOL_EXTENSIONS = YES;
				CLANG_ANALYZER_LOCALIZABILITY_NONLOCALIZED = YES;
				CLANG_ANALYZER_NONNULL = YES;
				CLANG_ANALYZER_NUMBER_OBJECT_CONVERSION = YES_AGGRESSIVE;
				CLANG_CXX_LANGUAGE_STANDARD = "gnu++20";
				CLANG_ENABLE_MODULES = YES;
				CLANG_ENABLE_OBJC_ARC = YES;
				CLANG_ENABLE_OBJC_WEAK = YES;
				CLANG_WARN_BLOCK_CAPTURE_AUTORELEASING = YES;
				CLANG_WARN_BOOL_CONVERSION = YES;
				CLANG_WARN_COMMA = YES;
				CLANG_WARN_CONSTANT_CONVERSION = YES;
				CLANG_WARN_DEPRECATED_OBJC_IMPLEMENTATIONS = YES;
				CLANG_WARN_DIRECT_OBJC_ISA_USAGE = YES_ERROR;
				CLANG_WARN_DOCUMENTATION_COMMENTS = YES;
				CLANG_WARN_EMPTY_BODY = YES;
				CLANG_WARN_ENUM_CONVERSION = YES;
				CLANG_WARN_INFINITE_RECURSION = YES;
				CLANG_WARN_INT_CONVERSION = YES;
				CLANG_WARN_NON_LITERAL_NULL_CONVERSION = YES;
				CLANG_WARN_OBJC_IMPLICIT_RETAIN_SELF = YES;
				CLANG_WARN_OBJC_LITERAL_CONVERSION = YES;
				CLANG_WARN_OBJC_ROOT_CLASS = YES_ERROR;
				CLANG_WARN_QUOTED_INCLUDE_IN_FRAMEWORK_HEADER = YES;
				CLANG_WARN_RANGE_LOOP_ANALYSIS = YES;
				CLANG_WARN_STRICT_PROTOTYPES = YES;
				CLANG_WARN_SUSPICIOUS_MOVE = YES;
				CLANG_WARN_UNGUARDED_AVAILABILITY = YES_AGGRESSIVE;
				CLANG_WARN_UNREACHABLE_CODE = YES;
				CLANG_WARN__DUPLICATE_METHOD_MATCH = YES;
				COPY_PHASE_STRIP = NO;
				DEAD_CODE_STRIPPING = YES;
				DEBUG_INFORMATION_FORMAT = "dwarf-with-dsym";
				ENABLE_NS_ASSERTIONS = NO;
				ENABLE_STRICT_OBJC_MSGSEND = YES;
				ENABLE_USER_SCRIPT_SANDBOXING = YES;
				GCC_C_LANGUAGE_STANDARD = gnu17;
				GCC_NO_COMMON_BLOCKS = YES;
				GCC_WARN_64_TO_32_BIT_CONVERSION = YES;
				GCC_WARN_ABOUT_RETURN_TYPE = YES_ERROR;
				GCC_WARN_UNDECLARED_SELECTOR = YES;
				GCC_WARN_UNINITIALIZED_AUTOS = YES_AGGRESSIVE;
				GCC_WARN_UNUSED_FUNCTION = YES;
				GCC_WARN_UNUSED_VARIABLE = YES;
				IPHONEOS_DEPLOYMENT_TARGET = 16.0;
				LOCALIZATION_PREFERS_STRING_CATALOGS = YES;
				MTL_ENABLE_DEBUG_INFO = NO;
				MTL_FAST_MATH = YES;
				STRING_CATALOG_GENERATE_SYMBOLS = YES;
				SWIFT_COMPILATION_MODE = wholemodule;
			};
			name = Release;
		};
		48DFC8D72E45109C002EB4C0 /* Debug */ = {
			isa = XCBuildConfiguration;
			buildSettings = {
				ASSETCATALOG_COMPILER_APPICON_NAME = AppIcon;
				ASSETCATALOG_COMPILER_GLOBAL_ACCENT_COLOR_NAME = AccentColor;
				CODE_SIGN_ENTITLEMENTS = Zettelman/Zettelman.entitlements;
				CODE_SIGN_STYLE = Automatic;
				CURRENT_PROJECT_VERSION = 1;
				DEVELOPMENT_TEAM = 5QUG2XD3BZ;
				ENABLE_APP_SANDBOX = YES;
				ENABLE_PREVIEWS = YES;
				ENABLE_USER_SELECTED_FILES = readonly;
				GENERATE_INFOPLIST_FILE = YES;
				INFOPLIST_KEY_CFBundleDisplayName = ZettelScan;
				INFOPLIST_KEY_NSCalendarsFullAccessUsageDescription = "ZettelScan can add confirmed appointments to your calendar.";
				INFOPLIST_KEY_NSCalendarsUsageDescription = "ZettelScan can add confirmed appointments to your calendar.";
				INFOPLIST_KEY_NSCalendarsWriteOnlyAccessUsageDescription = "ZettelScan can add confirmed appointments to your calendar.";
				INFOPLIST_KEY_NSCameraUsageDescription = "ZettelScan uses the camera to capture appointment notes before sending them to Lambda for analysis.";
				INFOPLIST_KEY_NSPhotoLibraryAddUsageDescription = "ZettelScan can save processed note images if you export or share them later.";
				INFOPLIST_KEY_NSPhotoLibraryUsageDescription = "ZettelScan uses your photo library so you can upload an appointment note for analysis.";
				INFOPLIST_KEY_UIApplicationSceneManifest_Generation = YES;
				"INFOPLIST_KEY_UIApplicationSceneManifest_Generation[sdk=iphoneos*]" = YES;
				"INFOPLIST_KEY_UIApplicationSceneManifest_Generation[sdk=iphonesimulator*]" = YES;
				INFOPLIST_KEY_UIApplicationSupportsIndirectInputEvents = YES;
				"INFOPLIST_KEY_UIApplicationSupportsIndirectInputEvents[sdk=iphoneos*]" = YES;
				"INFOPLIST_KEY_UIApplicationSupportsIndirectInputEvents[sdk=iphonesimulator*]" = YES;
				INFOPLIST_KEY_UILaunchScreen_Generation = YES;
				"INFOPLIST_KEY_UILaunchScreen_Generation[sdk=iphoneos*]" = YES;
				"INFOPLIST_KEY_UILaunchScreen_Generation[sdk=iphonesimulator*]" = YES;
				INFOPLIST_KEY_UIStatusBarStyle = UIStatusBarStyleDefault;
				"INFOPLIST_KEY_UIStatusBarStyle[sdk=iphoneos*]" = UIStatusBarStyleDefault;
				"INFOPLIST_KEY_UIStatusBarStyle[sdk=iphonesimulator*]" = UIStatusBarStyleDefault;
				INFOPLIST_KEY_UISupportedInterfaceOrientations = "UIInterfaceOrientationLandscapeLeft UIInterfaceOrientationLandscapeRight UIInterfaceOrientationPortrait";
				IPHONEOS_DEPLOYMENT_TARGET = 16.0;
				LD_RUNPATH_SEARCH_PATHS = "@executable_path/Frameworks";
				MARKETING_VERSION = 1.6;
				PRODUCT_BUNDLE_IDENTIFIER = org.pkidpkid.zettelscan;
				PRODUCT_NAME = ZettelScan;
				REGISTER_APP_GROUPS = YES;
				SDKROOT = iphoneos;
				SUPPORTED_PLATFORMS = "iphoneos iphonesimulator";
				SUPPORTS_MACCATALYST = NO;
				SUPPORTS_MAC_DESIGNED_FOR_IPHONE_IPAD = NO;
				SUPPORTS_XR_DESIGNED_FOR_IPHONE_IPAD = NO;
				SWIFT_EMIT_LOC_STRINGS = YES;
				SWIFT_VERSION = 5.0;
				TARGETED_DEVICE_FAMILY = 1;
			};
			name = Debug;
		};
		48DFC8D82E45109C002EB4C0 /* Release */ = {
			isa = XCBuildConfiguration;
			buildSettings = {
				ASSETCATALOG_COMPILER_APPICON_NAME = AppIcon;
				ASSETCATALOG_COMPILER_GLOBAL_ACCENT_COLOR_NAME = AccentColor;
				CODE_SIGN_ENTITLEMENTS = Zettelman/Zettelman.entitlements;
				CODE_SIGN_STYLE = Automatic;
				CURRENT_PROJECT_VERSION = 1;
				DEVELOPMENT_TEAM = 5QUG2XD3BZ;
				ENABLE_APP_SANDBOX = YES;
				ENABLE_PREVIEWS = YES;
				ENABLE_USER_SELECTED_FILES = readonly;
				GENERATE_INFOPLIST_FILE = YES;
				INFOPLIST_KEY_CFBundleDisplayName = ZettelScan;
				INFOPLIST_KEY_NSCalendarsFullAccessUsageDescription = "ZettelScan can add confirmed appointments to your calendar.";
				INFOPLIST_KEY_NSCalendarsUsageDescription = "ZettelScan can add confirmed appointments to your calendar.";
				INFOPLIST_KEY_NSCalendarsWriteOnlyAccessUsageDescription = "ZettelScan can add confirmed appointments to your calendar.";
				INFOPLIST_KEY_NSCameraUsageDescription = "ZettelScan uses the camera to capture appointment notes before sending them to Lambda for analysis.";
				INFOPLIST_KEY_NSPhotoLibraryAddUsageDescription = "ZettelScan can save processed note images if you export or share them later.";
				INFOPLIST_KEY_NSPhotoLibraryUsageDescription = "ZettelScan uses your photo library so you can upload an appointment note for analysis.";
				INFOPLIST_KEY_UIApplicationSceneManifest_Generation = YES;
				"INFOPLIST_KEY_UIApplicationSceneManifest_Generation[sdk=iphoneos*]" = YES;
				"INFOPLIST_KEY_UIApplicationSceneManifest_Generation[sdk=iphonesimulator*]" = YES;
				INFOPLIST_KEY_UIApplicationSupportsIndirectInputEvents = YES;
				"INFOPLIST_KEY_UIApplicationSupportsIndirectInputEvents[sdk=iphoneos*]" = YES;
				"INFOPLIST_KEY_UIApplicationSupportsIndirectInputEvents[sdk=iphonesimulator*]" = YES;
				INFOPLIST_KEY_UILaunchScreen_Generation = YES;
				"INFOPLIST_KEY_UILaunchScreen_Generation[sdk=iphoneos*]" = YES;
				"INFOPLIST_KEY_UILaunchScreen_Generation[sdk=iphonesimulator*]" = YES;
				INFOPLIST_KEY_UIStatusBarStyle = UIStatusBarStyleDefault;
				"INFOPLIST_KEY_UIStatusBarStyle[sdk=iphoneos*]" = UIStatusBarStyleDefault;
				"INFOPLIST_KEY_UIStatusBarStyle[sdk=iphonesimulator*]" = UIStatusBarStyleDefault;
				INFOPLIST_KEY_UISupportedInterfaceOrientations = "UIInterfaceOrientationLandscapeLeft UIInterfaceOrientationLandscapeRight UIInterfaceOrientationPortrait";
				IPHONEOS_DEPLOYMENT_TARGET = 16.0;
				LD_RUNPATH_SEARCH_PATHS = "@executable_path/Frameworks";
				MARKETING_VERSION = 1.6;
				PRODUCT_BUNDLE_IDENTIFIER = org.pkidpkid.zettelscan;
				PRODUCT_NAME = ZettelScan;
				REGISTER_APP_GROUPS = YES;
				SDKROOT = iphoneos;
				SUPPORTED_PLATFORMS = "iphoneos iphonesimulator";
				SUPPORTS_MACCATALYST = NO;
				SUPPORTS_MAC_DESIGNED_FOR_IPHONE_IPAD = NO;
				SUPPORTS_XR_DESIGNED_FOR_IPHONE_IPAD = NO;
				SWIFT_EMIT_LOC_STRINGS = YES;
				SWIFT_VERSION = 5.0;
				TARGETED_DEVICE_FAMILY = 1;
			};
			name = Release;
		};
/* End XCBuildConfiguration section */

/* Begin XCConfigurationList section */
		48DFC8AF2E45109A002EB4C0 /* Build configuration list for PBXProject "Zettelman" */ = {
			isa = XCConfigurationList;
			buildConfigurations = (
				48DFC8D42E45109C002EB4C0 /* Debug */,
				48DFC8D52E45109C002EB4C0 /* Release */,
			);
			defaultConfigurationIsVisible = 0;
			defaultConfigurationName = Release;
		};
		48DFC8D62E45109C002EB4C0 /* Build configuration list for PBXNativeTarget "app_booking" */ = {
			isa = XCConfigurationList;
			buildConfigurations = (
				48DFC8D72E45109C002EB4C0 /* Debug */,
				48DFC8D82E45109C002EB4C0 /* Release */,
			);
			defaultConfigurationIsVisible = 0;
			defaultConfigurationName = Release;
		};
/* End XCConfigurationList section */

/* Begin XCRemoteSwiftPackageReference section */
		4BB5BCAE2E5C47E200F3C073 /* XCRemoteSwiftPackageReference "amplify-swift" */ = {
			isa = XCRemoteSwiftPackageReference;
			repositoryURL = "https://github.com/aws-amplify/amplify-swift";
			requirement = {
				kind = upToNextMajorVersion;
				minimumVersion = 2.50.0;
			};
		};
/* End XCRemoteSwiftPackageReference section */

/* Begin XCSwiftPackageProductDependency section */
		4BB5BCAF2E5C47E200F3C073 /* AWSCognitoAuthPlugin */ = {
			isa = XCSwiftPackageProductDependency;
			package = 4BB5BCAE2E5C47E200F3C073 /* XCRemoteSwiftPackageReference "amplify-swift" */;
			productName = AWSCognitoAuthPlugin;
		};
		4BB5BCB12E5C47E200F3C073 /* AWSS3StoragePlugin */ = {
			isa = XCSwiftPackageProductDependency;
			package = 4BB5BCAE2E5C47E200F3C073 /* XCRemoteSwiftPackageReference "amplify-swift" */;
			productName = AWSS3StoragePlugin;
		};
		4BB5BCB32E5C47E200F3C073 /* Amplify */ = {
			isa = XCSwiftPackageProductDependency;
			package = 4BB5BCAE2E5C47E200F3C073 /* XCRemoteSwiftPackageReference "amplify-swift" */;
			productName = Amplify;
		};
/* End XCSwiftPackageProductDependency section */
	};
	rootObject = 48DFC8AC2E45109A002EB4C0 /* Project object */;
}
